
Microsoft Visual Studio Solution File, Format Version 12.00
Project("{FAE04EC0-301F-11D3-BF4B-00C04F79EFBC}") = "HelloWorld", "HelloWorld\HelloWorld.csproj", "{BE268B84-F642-4C5A-A765-44D144E50826}"
EndProject
Global
	GlobalSection(SolutionConfigurationPlatforms) = preSolution
		Debug|Any CPU = Debug|Any CPU
		Release|Any CPU = Release|Any CPU
	EndGlobalSection
	GlobalSection(ProjectConfigurationPlatforms) = postSolution
		{BE268B84-F642-4C5A-A765-44D144E50826}.Debug|Any CPU.ActiveCfg = Debug|Any CPU
		{BE268B84-F642-4C5A-A765-44D144E50826}.Debug|Any CPU.Build.0 = Debug|Any CPU
		{BE268B84-F642-4C5A-A765-44D144E50826}.Release|Any CPU.ActiveCfg = Release|Any CPU
		{BE268B84-F642-4C5A-A765-44D144E50826}.Release|Any CPU.Build.0 = Release|Any CPU
	EndGlobalSection
EndGlobal
